{
  "lockfile_version": "1",
  "packages": {
    "act@0.2": {
      "last_modified": "2025-09-18T16:33:27Z",
      "resolved": "github:NixOS/nixpkgs/f4b140d5b253f5e2a1ff4e5506edbf8267724bde#act",
      "source": "devbox-search",
      "version": "0.2.81",
      "systems": {
        "aarch64-darwin": {
          "outputs": [
            {
              "name": "out",
              "path": "/nix/store/f1qcsnyyni43h2hx96g1faqxbcwy4iwn-act-0.2.81",
              "default": true
            }
          ],
          "store_path": "/nix/store/f1qcsnyyni43h2hx96g1faqxbcwy4iwn-act-0.2.81"
        },
        "aarch64-linux": {
          "outputs": [
            {
              "name": "out",
              "path": "/nix/store/vb15vi4karvsg5yl3xcgqbs5w28ig748-act-0.2.81",
              "default": true
            }
          ],
          "store_path": "/nix/store/vb15vi4karvsg5yl3xcgqbs5w28ig748-act-0.2.81"
        },
        "x86_64-darwin": {
          "outputs": [
            {
              "name": "out",
              "path": "/nix/store/blas4k7n7cnv8iqfqfs3a6r11dr98717-act-0.2.81",
              "default": true
            }
          ],
          "store_path": "/nix/store/blas4k7n7cnv8iqfqfs3a6r11dr98717-act-0.2.81"
        },
        "x86_64-linux": {
          "outputs": [
            {
              "name": "out",
              "path": "/nix/store/mj23jlma742pf9hmnbwnmxxfy8q5g7hk-act-0.2.81",
              "default": true
            }
          ],
          "store_path": "/nix/store/mj23jlma742pf9hmnbwnmxxfy8q5g7hk-act-0.2.81"
        }
      }
    },
    "azure-cli@2": {
      "last_modified": "2025-09-21T00:54:27Z",
      "resolved": "github:NixOS/nixpkgs/51c8f9cfaae8306d135095bcdb3df9027f95542d#azure-cli",
      "source": "devbox-search",
      "version": "2.77.0",
      "systems": {
        "aarch64-darwin": {
          "outputs": [
            {
              "name": "out",
              "path": "/nix/store/53y6nz99kk4mcnkzzz71h6vix4vfa8r2-python3.13-azure-cli-2.77.0",
              "default": true
            },
            {
              "name": "dist",
              "path": "/nix/store/1ajsj2dghmscb8q8nsg0wm6sh72nr9ia-python3.13-azure-cli-2.77.0-dist"
            }
          ],
          "store_path": "/nix/store/53y6nz99kk4mcnkzzz71h6vix4vfa8r2-python3.13-azure-cli-2.77.0"
        },
        "aarch64-linux": {
          "outputs": [
            {
              "name": "out",
              "path": "/nix/store/45s7gz4n7868qjj3i3ag06j3s9y6fhag-python3.13-azure-cli-2.77.0",
              "default": true
            },
            {
              "name": "dist",
              "path": "/nix/store/zbmxa47363m6fz01mrmzwc6p55mix8ij-python3.13-azure-cli-2.77.0-dist"
            }
          ],
          "store_path": "/nix/store/45s7gz4n7868qjj3i3ag06j3s9y6fhag-python3.13-azure-cli-2.77.0"
        },
        "x86_64-darwin": {
          "outputs": [
            {
              "name": "out",
              "path": "/nix/store/isa5p527vcz3p1zgzpf5ip282gsrap1s-python3.13-azure-cli-2.77.0",
              "default": true
            },
            {
              "name": "dist",
              "path": "/nix/store/6jv9b9c37097shs5bsjrdwjxl3b5qy74-python3.13-azure-cli-2.77.0-dist"
            }
          ],
          "store_path": "/nix/store/isa5p527vcz3p1zgzpf5ip282gsrap1s-python3.13-azure-cli-2.77.0"
        },
        "x86_64-linux": {
          "outputs": [
            {
              "name": "out",
              "path": "/nix/store/cara6dhv1xdy5yg71l7hkbq0c7869x5j-python3.13-azure-cli-2.77.0",
              "default": true
            },
            {
              "name": "dist",
              "path": "/nix/store/mb5yia6svkymzqd3aa1cw5qh64bcv0ab-python3.13-azure-cli-2.77.0-dist"
            }
          ],
          "store_path": "/nix/store/cara6dhv1xdy5yg71l7hkbq0c7869x5j-python3.13-azure-cli-2.77.0"
        }
      }
    },
    "cocogitto@6": {
      "last_modified": "2025-09-18T16:33:27Z",
      "resolved": "github:NixOS/nixpkgs/f4b140d5b253f5e2a1ff4e5506edbf8267724bde#cocogitto",
      "source": "devbox-search",
      "version": "6.3.0",
      "systems": {
        "aarch64-darwin": {
          "outputs": [
            {
              "name": "out",
              "path": "/nix/store/pdq338wi2ax6baa5lgyvcpwn952scs94-cocogitto-6.3.0",
              "default": true
            }
          ],
          "store_path": "/nix/store/pdq338wi2ax6baa5lgyvcpwn952scs94-cocogitto-6.3.0"
        },
        "aarch64-linux": {
          "outputs": [
            {
              "name": "out",
              "path": "/nix/store/qykq4izrhb1m5qdqafj3awy02c9ml13f-cocogitto-6.3.0",
              "default": true
            }
          ],
          "store_path": "/nix/store/qykq4izrhb1m5qdqafj3awy02c9ml13f-cocogitto-6.3.0"
        },
        "x86_64-darwin": {
          "outputs": [
            {
              "name": "out",
              "path": "/nix/store/xbgih4fyaixqr4yhhlq6a68s0prsriqg-cocogitto-6.3.0",
              "default": true
            }
          ],
          "store_path": "/nix/store/xbgih4fyaixqr4yhhlq6a68s0prsriqg-cocogitto-6.3.0"
        },
        "x86_64-linux": {
          "outputs": [
            {
              "name": "out",
              "path": "/nix/store/639srf26mrvcg8i1dzj8qr46wr0ak07i-cocogitto-6.3.0",
              "default": true
            }
          ],
          "store_path": "/nix/store/639srf26mrvcg8i1dzj8qr46wr0ak07i-cocogitto-6.3.0"
        }
      }
    },
    "gh@2": {
      "last_modified": "2025-09-18T16:33:27Z",
      "resolved": "github:NixOS/nixpkgs/f4b140d5b253f5e2a1ff4e5506edbf8267724bde#gh",
      "source": "devbox-search",
      "version": "2.79.0",
      "systems": {
        "aarch64-darwin": {
          "outputs": [
            {
              "name": "out",
              "path": "/nix/store/ky5yynv151w1v0h2xby8knzy23b9csbb-gh-2.79.0",
              "default": true
            }
          ],
          "store_path": "/nix/store/ky5yynv151w1v0h2xby8knzy23b9csbb-gh-2.79.0"
        },
        "aarch64-linux": {
          "outputs": [
            {
              "name": "out",
              "path": "/nix/store/zvljqh8dxlp71r4gzc3js3s35fa2l3zb-gh-2.79.0",
              "default": true
            }
          ],
          "store_path": "/nix/store/zvljqh8dxlp71r4gzc3js3s35fa2l3zb-gh-2.79.0"
        },
        "x86_64-darwin": {
          "outputs": [
            {
              "name": "out",
              "path": "/nix/store/ikvh3fzss3p70y6izxcppankis418rlz-gh-2.79.0",
              "default": true
            }
          ],
          "store_path": "/nix/store/ikvh3fzss3p70y6izxcppankis418rlz-gh-2.79.0"
        },
        "x86_64-linux": {
          "outputs": [
            {
              "name": "out",
              "path": "/nix/store/hx0j1gvffm0m3gx5m50gjjggkwba0zxc-gh-2.79.0",
              "default": true
            }
          ],
          "store_path": "/nix/store/hx0j1gvffm0m3gx5m50gjjggkwba0zxc-gh-2.79.0"
        }
      }
    },
    "github:NixOS/nixpkgs/nixpkgs-unstable": {
      "last_modified": "2025-09-27T12:33:33Z",
      "resolved": "github:NixOS/nixpkgs/e3a3b32cc234f1683258d36c6232f150d57df015?lastModified=1758976413&narHash=sha256-hEIDTaIqvW1NMfaNgz6pjhZPZKTmACJmXxGr%2FH6isIg%3D"
    },
    "go@1.24": {
      "last_modified": "2025-09-18T16:33:27Z",
      "resolved": "github:NixOS/nixpkgs/f4b140d5b253f5e2a1ff4e5506edbf8267724bde#go_1_24",
      "source": "devbox-search",
      "version": "1.24.7",
      "systems": {
        "aarch64-darwin": {
          "outputs": [
            {
              "name": "out",
              "path": "/nix/store/wi6x7anr21niz0zaf4077pf7a6qj56xd-go-1.24.7",
              "default": true
            }
          ],
          "store_path": "/nix/store/wi6x7anr21niz0zaf4077pf7a6qj56xd-go-1.24.7"
        },
        "aarch64-linux": {
          "outputs": [
            {
              "name": "out",
              "path": "/nix/store/l7xjyd3vdrlzjq7apswz394rmxsf94w8-go-1.24.7",
              "default": true
            }
          ],
          "store_path": "/nix/store/l7xjyd3vdrlzjq7apswz394rmxsf94w8-go-1.24.7"
        },
        "x86_64-darwin": {
          "outputs": [
            {
              "name": "out",
              "path": "/nix/store/g1dszpz67zfx7j7lqd1s3gz3pgygxzw7-go-1.24.7",
              "default": true
            }
          ],
          "store_path": "/nix/store/g1dszpz67zfx7j7lqd1s3gz3pgygxzw7-go-1.24.7"
        },
        "x86_64-linux": {
          "outputs": [
            {
              "name": "out",
              "path": "/nix/store/0a9wg4llssiax3c6a3d5lxw9brj4mpyn-go-1.24.7",
              "default": true
            }
          ],
          "store_path": "/nix/store/0a9wg4llssiax3c6a3d5lxw9brj4mpyn-go-1.24.7"
        }
      }
    },
    "kubectl@1.33": {
      "last_modified": "2025-09-18T16:33:27Z",
      "resolved": "github:NixOS/nixpkgs/f4b140d5b253f5e2a1ff4e5506edbf8267724bde#kubectl",
      "source": "devbox-search",
      "version": "1.33.4",
      "systems": {
        "aarch64-darwin": {
          "outputs": [
            {
              "name": "out",
              "path": "/nix/store/l9qa55xhnsif5bd8jc558pl2kraiwisx-kubectl-1.33.4",
              "default": true
            },
            {
              "name": "man",
              "path": "/nix/store/1ax04d2wdfp63df3gbjdsq523ql895yc-kubectl-1.33.4-man",
              "default": true
            },
            {
              "name": "convert",
              "path": "/nix/store/p7xb87g2vz00n97fhaaqwr9jdvcp5647-kubectl-1.33.4-convert"
            }
          ],
          "store_path": "/nix/store/l9qa55xhnsif5bd8jc558pl2kraiwisx-kubectl-1.33.4"
        },
        "aarch64-linux": {
          "outputs": [
            {
              "name": "out",
              "path": "/nix/store/a95sq4yvhbrh4njn49glnp2xmbd3k3q1-kubectl-1.33.4",
              "default": true
            },
            {
              "name": "man",
              "path": "/nix/store/5jnghhpmiympxr759s1pqbksg3gld6d8-kubectl-1.33.4-man",
              "default": true
            },
            {
              "name": "convert",
              "path": "/nix/store/5sxzhci6fxn8jv3x9xkab1jdb43ynpzr-kubectl-1.33.4-convert"
            }
          ],
          "store_path": "/nix/store/a95sq4yvhbrh4njn49glnp2xmbd3k3q1-kubectl-1.33.4"
        },
        "x86_64-darwin": {
          "outputs": [
            {
              "name": "out",
              "path": "/nix/store/417lxr3l5cy3m86iywhhrkbkx2j9y1xk-kubectl-1.33.4",
              "default": true
            },
            {
              "name": "man",
              "path": "/nix/store/q5gf3an5cmfzyl2wqw21ll01yfmjxm0j-kubectl-1.33.4-man",
              "default": true
            },
            {
              "name": "convert",
              "path": "/nix/store/2kfp817d37kbsrjh48f8l26hmf12b97z-kubectl-1.33.4-convert"
            }
          ],
          "store_path": "/nix/store/417lxr3l5cy3m86iywhhrkbkx2j9y1xk-kubectl-1.33.4"
        },
        "x86_64-linux": {
          "outputs": [
            {
              "name": "out",
              "path": "/nix/store/abp5rhv8vnij5k08m5id75vdq4nnkqqq-kubectl-1.33.4",
              "default": true
            },
            {
              "name": "man",
              "path": "/nix/store/75afy3w5985pck1f7bvwwq7gzawf9i9c-kubectl-1.33.4-man",
              "default": true
            },
            {
              "name": "convert",
              "path": "/nix/store/1yhls3wrancjn52md7552kyalbh7dd5b-kubectl-1.33.4-convert"
            }
          ],
          "store_path": "/nix/store/abp5rhv8vnij5k08m5id75vdq4nnkqqq-kubectl-1.33.4"
        }
      }
    },
    "kubelogin@0.2": {
      "last_modified": "2025-09-18T16:33:27Z",
      "resolved": "github:NixOS/nixpkgs/f4b140d5b253f5e2a1ff4e5506edbf8267724bde#kubelogin",
      "source": "devbox-search",
      "version": "0.2.10",
      "systems": {
        "aarch64-darwin": {
          "outputs": [
            {
              "name": "out",
              "path": "/nix/store/g7djh59cj3dldgka87w6vh5wrmry0xqf-kubelogin-0.2.10",
              "default": true
            }
          ],
          "store_path": "/nix/store/g7djh59cj3dldgka87w6vh5wrmry0xqf-kubelogin-0.2.10"
        },
        "aarch64-linux": {
          "outputs": [
            {
              "name": "out",
              "path": "/nix/store/0azjiifry3jzwciki3i2q2n857ivrf2f-kubelogin-0.2.10",
              "default": true
            }
          ],
          "store_path": "/nix/store/0azjiifry3jzwciki3i2q2n857ivrf2f-kubelogin-0.2.10"
        },
        "x86_64-darwin": {
          "outputs": [
            {
              "name": "out",
              "path": "/nix/store/y5damz23rg8ma07ridhwzf5fwwrvkr2p-kubelogin-0.2.10",
              "default": true
            }
          ],
          "store_path": "/nix/store/y5damz23rg8ma07ridhwzf5fwwrvkr2p-kubelogin-0.2.10"
        },
        "x86_64-linux": {
          "outputs": [
            {
              "name": "out",
              "path": "/nix/store/9r4f38i5mk4m9f4lcb8lrmyz7kz46j6d-kubelogin-0.2.10",
              "default": true
            }
          ],
          "store_path": "/nix/store/9r4f38i5mk4m9f4lcb8lrmyz7kz46j6d-kubelogin-0.2.10"
        }
      }
    },
    "nodejs@24": {
      "last_modified": "2025-09-21T00:54:27Z",
      "plugin_version": "0.0.2",
      "resolved": "github:NixOS/nixpkgs/51c8f9cfaae8306d135095bcdb3df9027f95542d#nodejs_24",
      "source": "devbox-search",
      "version": "24.8.0",
      "systems": {
        "aarch64-darwin": {
          "outputs": [
            {
              "name": "out",
              "path": "/nix/store/cj8hvq7sqpsvjk7119w0w41sfp9606wx-nodejs-24.8.0",
              "default": true
            },
            {
              "name": "dev",
              "path": "/nix/store/smybrnlm3kfrfd03nsp01j3s25rjcn32-nodejs-24.8.0-dev"
            },
            {
              "name": "libv8",
              "path": "/nix/store/82fl9py60ms063fl5g98h9qi2c9zna9a-nodejs-24.8.0-libv8"
            }
          ],
          "store_path": "/nix/store/cj8hvq7sqpsvjk7119w0w41sfp9606wx-nodejs-24.8.0"
        },
        "aarch64-linux": {
          "outputs": [
            {
              "name": "out",
              "path": "/nix/store/855hdyp45b2k7dksv259w3m8fifcccz1-nodejs-24.8.0",
              "default": true
            },
            {
              "name": "dev",
              "path": "/nix/store/phz4mj4y3mdakkrp5334yppgs8lkkbhh-nodejs-24.8.0-dev"
            },
            {
              "name": "libv8",
              "path": "/nix/store/bmf3w1wdxbs63vmn71pi2icwfnimzx4z-nodejs-24.8.0-libv8"
            }
          ],
          "store_path": "/nix/store/855hdyp45b2k7dksv259w3m8fifcccz1-nodejs-24.8.0"
        },
        "x86_64-darwin": {
          "outputs": [
            {
              "name": "out",
              "path": "/nix/store/dzrcn8s95bfqigvyv4snpmbzlww4jb7v-nodejs-24.8.0",
              "default": true
            },
            {
              "name": "dev",
              "path": "/nix/store/b8whzzkhaxi31ysx8wdx50vzv01jcqzb-nodejs-24.8.0-dev"
            },
            {
              "name": "libv8",
              "path": "/nix/store/dhslzl533ik0maj8jiyl8rmsyv5iahig-nodejs-24.8.0-libv8"
            }
          ],
          "store_path": "/nix/store/dzrcn8s95bfqigvyv4snpmbzlww4jb7v-nodejs-24.8.0"
        },
        "x86_64-linux": {
          "outputs": [
            {
              "name": "out",
              "path": "/nix/store/a83yhhb3dibglaj5s80pxsr19s05d071-nodejs-24.8.0",
              "default": true
            },
            {
              "name": "dev",
              "path": "/nix/store/ggmz3g3yw7g5sv4j5f9lij3hxmdl2rai-nodejs-24.8.0-dev"
            },
            {
              "name": "libv8",
              "path": "/nix/store/9qhkgknw40n8kwcd5g5pw8fm0lbsd44q-nodejs-24.8.0-libv8"
            }
          ],
          "store_path": "/nix/store/a83yhhb3dibglaj5s80pxsr19s05d071-nodejs-24.8.0"
        }
      }
    },
    "opentofu@1.10": {
      "last_modified": "2025-09-18T16:33:27Z",
      "resolved": "github:NixOS/nixpkgs/f4b140d5b253f5e2a1ff4e5506edbf8267724bde#opentofu",
      "source": "devbox-search",
      "version": "1.10.6",
      "systems": {
        "aarch64-darwin": {
          "outputs": [
            {
              "name": "out",
              "path": "/nix/store/zw217n1jrrsfq2c1f8sg45ncp8185fra-opentofu-1.10.6",
              "default": true
            }
          ],
          "store_path": "/nix/store/zw217n1jrrsfq2c1f8sg45ncp8185fra-opentofu-1.10.6"
        },
        "aarch64-linux": {
          "outputs": [
            {
              "name": "out",
              "path": "/nix/store/zi5ms7qpfijbzrb7dhh7j6lnkbnvzlip-opentofu-1.10.6",
              "default": true
            }
          ],
          "store_path": "/nix/store/zi5ms7qpfijbzrb7dhh7j6lnkbnvzlip-opentofu-1.10.6"
        },
        "x86_64-darwin": {
          "outputs": [
            {
              "name": "out",
              "path": "/nix/store/wzm2wx4l92zb2lg5xmham1dby3nbywz8-opentofu-1.10.6",
              "default": true
            }
          ],
          "store_path": "/nix/store/wzm2wx4l92zb2lg5xmham1dby3nbywz8-opentofu-1.10.6"
        },
        "x86_64-linux": {
          "outputs": [
            {
              "name": "out",
              "path": "/nix/store/b9rhnj9cjy15sd5xjq1cwvbav4k4yff2-opentofu-1.10.6",
              "default": true
            }
          ],
          "store_path": "/nix/store/b9rhnj9cjy15sd5xjq1cwvbav4k4yff2-opentofu-1.10.6"
        }
      }
    },
    "pre-commit@4": {
      "last_modified": "2025-09-18T16:33:27Z",
      "resolved": "github:NixOS/nixpkgs/f4b140d5b253f5e2a1ff4e5506edbf8267724bde#pre-commit",
      "source": "devbox-search",
      "version": "4.3.0",
      "systems": {
        "aarch64-darwin": {
          "outputs": [
            {
              "name": "out",
              "path": "/nix/store/i2y7jkijwc5f0ly9w7pb5nsnib2mlm3v-pre-commit-4.3.0",
              "default": true
            },
            {
              "name": "dist",
              "path": "/nix/store/r65b8k7p52fcw1lnaw560wnswn7sq5l9-pre-commit-4.3.0-dist"
            }
          ],
          "store_path": "/nix/store/i2y7jkijwc5f0ly9w7pb5nsnib2mlm3v-pre-commit-4.3.0"
        },
        "aarch64-linux": {
          "outputs": [
            {
              "name": "out",
              "path": "/nix/store/053lk2khq3v7p8sqx84whzhlb429g6gm-pre-commit-4.3.0",
              "default": true
            },
            {
              "name": "dist",
              "path": "/nix/store/dfm1bdbsvw4qd214972h81fw8g5fpdjc-pre-commit-4.3.0-dist"
            }
          ],
          "store_path": "/nix/store/053lk2khq3v7p8sqx84whzhlb429g6gm-pre-commit-4.3.0"
        },
        "x86_64-darwin": {
          "outputs": [
            {
              "name": "out",
              "path": "/nix/store/j79nsa5j79wmq3jf4kwizaldr5fm82mv-pre-commit-4.3.0",
              "default": true
            },
            {
              "name": "dist",
              "path": "/nix/store/drb2rm5vz0632ydd6m4xwkpcj6j01w4q-pre-commit-4.3.0-dist"
            }
          ],
          "store_path": "/nix/store/j79nsa5j79wmq3jf4kwizaldr5fm82mv-pre-commit-4.3.0"
        },
        "x86_64-linux": {
          "outputs": [
            {
              "name": "out",
              "path": "/nix/store/0ybak1vc0vafqfy5dwyb5biaxr98f3kn-pre-commit-4.3.0",
              "default": true
            },
            {
              "name": "dist",
              "path": "/nix/store/7ni86x0z72zq3r5kyyixy52vsgz8rn3g-pre-commit-4.3.0-dist"
            }
          ],
          "store_path": "/nix/store/0ybak1vc0vafqfy5dwyb5biaxr98f3kn-pre-commit-4.3.0"
        }
      }
    },
    "uv@0.8": {
      "last_modified": "2025-09-18T16:33:27Z",
      "resolved": "github:NixOS/nixpkgs/f4b140d5b253f5e2a1ff4e5506edbf8267724bde#uv",
      "source": "devbox-search",
      "version": "0.8.14",
      "systems": {
        "aarch64-darwin": {
          "outputs": [
            {
              "name": "out",
              "path": "/nix/store/jvsjlmb0h8kfflmr1fjqaqvv8znp99pr-uv-0.8.14",
              "default": true
            }
          ],
          "store_path": "/nix/store/jvsjlmb0h8kfflmr1fjqaqvv8znp99pr-uv-0.8.14"
        },
        "aarch64-linux": {
          "outputs": [
            {
              "name": "out",
              "path": "/nix/store/3yyvvd9k79im73nsafnrqqadi7ln7lgd-uv-0.8.14",
              "default": true
            }
          ],
          "store_path": "/nix/store/3yyvvd9k79im73nsafnrqqadi7ln7lgd-uv-0.8.14"
        },
        "x86_64-darwin": {
          "outputs": [
            {
              "name": "out",
              "path": "/nix/store/lsl4wjgvsfvka6dm0lirlgpfks3r9937-uv-0.8.14",
              "default": true
            }
          ],
          "store_path": "/nix/store/lsl4wjgvsfvka6dm0lirlgpfks3r9937-uv-0.8.14"
        },
        "x86_64-linux": {
          "outputs": [
            {
              "name": "out",
              "path": "/nix/store/d4klvr31w9qc9qpypwaxmz6f9xy3339y-uv-0.8.14",
              "default": true
            }
          ],
          "store_path": "/nix/store/d4klvr31w9qc9qpypwaxmz6f9xy3339y-uv-0.8.14"
        }
      }
    }
  }
}
